{
    "name": "eez-studio-shortcuts",
    "version": "1.0.0",
    "lockfileVersion": 3,
    "requires": true,
    "packages": {
        "": {
            "name": "eez-studio-shortcuts",
            "version": "1.0.0",
            "dependencies": {
                "eez-studio-shortcuts": "file:"
            }
        },
        "node_modules/eez-studio-shortcuts": {
            "resolved": "",
            "link": true
        }
    }
}
