{
    "name": "eez-studio",
    "version": "0.0.61",
    "lockfileVersion": 3,
    "requires": true,
    "packages": {
        "": {
            "name": "eez-studio",
            "version": "0.0.61",
            "license": "GPL-3.0-only",
            "dependencies": {
                "eez-studio": "file:"
            }
        },
        "node_modules/eez-studio": {
            "resolved": "",
            "link": true
        }
    }
}
