{
    "name": "eez-studio-types",
    "version": "0.0.62",
    "lockfileVersion": 3,
    "requires": true,
    "packages": {
        "": {
            "name": "eez-studio-types",
            "version": "0.0.62",
            "license": "GPL-3.0-only",
            "dependencies": {
                "eez-studio-types": "file:"
            }
        },
        "node_modules/eez-studio-types": {
            "resolved": "",
            "link": true
        }
    }
}
