{
  "name": "eez-studio-ui",
  "version": "1.0.0",
  "lockfileVersion": 3,
  "requires": true,
  "packages": {
    "": {
      "name": "eez-studio-ui",
      "version": "1.0.0",
      "license": "GPL-3.0-only",
      "dependencies": {
        "eez-studio-ui": "file:"
      }
    },
    "node_modules/eez-studio-ui": {
      "resolved": "",
      "link": true
    }
  }
}
